// !$*UTF8*$!
{
	archiveVersion = 1;
	classes = {
	};
	objectVersion = 48;
	objects = {

/* Begin PBXBuildFile section */
		1241093E2018674E0054CA47 /* AppDelegate.swift in Sources */ = {isa = PBXBuildFile; fileRef = 1241093D2018674E0054CA47 /* AppDelegate.swift */; };
		124109402018674E0054CA47 /* ViewController.swift in Sources */ = {isa = PBXBuildFile; fileRef = 1241093F2018674E0054CA47 /* ViewController.swift */; };
		124109432018674E0054CA47 /* Main.storyboard in Resources */ = {isa = PBXBuildFile; fileRef = 124109412018674E0054CA47 /* Main.storyboard */; };
		124109452018674E0054CA47 /* Assets.xcassets in Resources */ = {isa = PBXBuildFile; fileRef = 124109442018674E0054CA47 /* Assets.xcassets */; };
		124109482018674E0054CA47 /* LaunchScreen.storyboard in Resources */ = {isa = PBXBuildFile; fileRef = 124109462018674E0054CA47 /* LaunchScreen.storyboard */; };
		124109532018674E0054CA47 /* Patrick_AnimationTests.swift in Sources */ = {isa = PBXBuildFile; fileRef = 124109522018674E0054CA47 /* Patrick_AnimationTests.swift */; };
		1241095E2018674E0054CA47 /* Patrick_AnimationUITests.swift in Sources */ = {isa = PBXBuildFile; fileRef = 1241095D2018674E0054CA47 /* Patrick_AnimationUITests.swift */; };
/* End PBXBuildFile section */

/* Begin PBXContainerItemProxy section */
		1241094F2018674E0054CA47 /* PBXContainerItemProxy */ = {
			isa = PBXContainerItemProxy;
			containerPortal = 124109322018674E0054CA47 /* Project object */;
			proxyType = 1;
			remoteGlobalIDString = 124109392018674E0054CA47;
			remoteInfo = Patrick_Animation;
		};
		1241095A2018674E0054CA47 /* PBXContainerItemProxy */ = {
			isa = PBXContainerItemProxy;
			containerPortal = 124109322018674E0054CA47 /* Project object */;
			proxyType = 1;
			remoteGlobalIDString = 124109392018674E0054CA47;
			remoteInfo = Patrick_Animation;
		};
/* End PBXContainerItemProxy section */

/* Begin PBXFileReference section */
		1241093A2018674E0054CA47 /* Patrick_Animation.app */ = {isa = PBXFileReference; explicitFileType = wrapper.application; includeInIndex = 0; path = Patrick_Animation.app; sourceTree = BUILT_PRODUCTS_DIR; };
		1241093D2018674E0054CA47 /* AppDelegate.swift */ = {isa = PBXFileReference; lastKnownFileType = sourcecode.swift; path = AppDelegate.swift; sourceTree = "<group>"; };
		1241093F2018674E0054CA47 /* ViewController.swift */ = {isa = PBXFileReference; lastKnownFileType = sourcecode.swift; path = ViewController.swift; sourceTree = "<group>"; };
		124109422018674E0054CA47 /* Base */ = {isa = PBXFileReference; lastKnownFileType = file.storyboard; name = Base; path = Base.lproj/Main.storyboard; sourceTree = "<group>"; };
		124109442018674E0054CA47 /* Assets.xcassets */ = {isa = PBXFileReference; lastKnownFileType = folder.assetcatalog; path = Assets.xcassets; sourceTree = "<group>"; };
		124109472018674E0054CA47 /* Base */ = {isa = PBXFileReference; lastKnownFileType = file.storyboard; name = Base; path = Base.lproj/LaunchScreen.storyboard; sourceTree = "<group>"; };
		124109492018674E0054CA47 /* Info.plist */ = {isa = PBXFileReference; lastKnownFileType = text.plist.xml; path = Info.plist; sourceTree = "<group>"; };
		1241094E2018674E0054CA47 /* Patrick_AnimationTests.xctest */ = {isa = PBXFileReference; explicitFileType = wrapper.cfbundle; includeInIndex = 0; path = Patrick_AnimationTests.xctest; sourceTree = BUILT_PRODUCTS_DIR; };
		124109522018674E0054CA47 /* Patrick_AnimationTests.swift */ = {isa = PBXFileReference; lastKnownFileType = sourcecode.swift; path = Patrick_AnimationTests.swift; sourceTree = "<group>"; };
		124109542018674E0054CA47 /* Info.plist */ = {isa = PBXFileReference; lastKnownFileType = text.plist.xml; path = Info.plist; sourceTree = "<group>"; };
		124109592018674E0054CA47 /* Patrick_AnimationUITests.xctest */ = {isa = PBXFileReference; explicitFileType = wrapper.cfbundle; includeInIndex = 0; path = Patrick_AnimationUITests.xctest; sourceTree = BUILT_PRODUCTS_DIR; };
		1241095D2018674E0054CA47 /* Patrick_AnimationUITests.swift */ = {isa = PBXFileReference; lastKnownFileType = sourcecode.swift; path = Patrick_AnimationUITests.swift; sourceTree = "<group>"; };
		1241095F2018674E0054CA47 /* Info.plist */ = {isa = PBXFileReference; lastKnownFileType = text.plist.xml; path = Info.plist; sourceTree = "<group>"; };
/* End PBXFileReference section */

/* Begin PBXFrameworksBuildPhase section */
		124109372018674E0054CA47 /* Frameworks */ = {
			isa = PBXFrameworksBuildPhase;
			buildActionMask = 2147483647;
			files = (
			);
			runOnlyForDeploymentPostprocessing = 0;
		};
		1241094B2018674E0054CA47 /* Frameworks */ = {
			isa = PBXFrameworksBuildPhase;
			buildActionMask = 2147483647;
			files = (
			);
			runOnlyForDeploymentPostprocessing = 0;
		};
		124109562018674E0054CA47 /* Frameworks */ = {
			isa = PBXFrameworksBuildPhase;
			buildActionMask = 2147483647;
			files = (
			);
			runOnlyForDeploymentPostprocessing = 0;
		};
/* End PBXFrameworksBuildPhase section */

/* Begin PBXGroup section */
		124109312018674E0054CA47 = {
			isa = PBXGroup;
			children = (
				1241093C2018674E0054CA47 /* Patrick_Animation */,
				124109512018674E0054CA47 /* Patrick_AnimationTests */,
				1241095C2018674E0054CA47 /* Patrick_AnimationUITests */,
				1241093B2018674E0054CA47 /* Products */,
			);
			sourceTree = "<group>";
		};
		1241093B2018674E0054CA47 /* Products */ = {
			isa = PBXGroup;
			children = (
				1241093A2018674E0054CA47 /* Patrick_Animation.app */,
				1241094E2018674E0054CA47 /* Patrick_AnimationTests.xctest */,
				124109592018674E0054CA47 /* Patrick_AnimationUITests.xctest */,
			);
			name = Products;
			sourceTree = "<group>";
		};
		1241093C2018674E0054CA47 /* Patrick_Animation */ = {
			isa = PBXGroup;
			children = (
				1241093D2018674E0054CA47 /* AppDelegate.swift */,
				1241093F2018674E0054CA47 /* ViewController.swift */,
				124109412018674E0054CA47 /* Main.storyboard */,
				124109442018674E0054CA47 /* Assets.xcassets */,
				124109462018674E0054CA47 /* LaunchScreen.storyboard */,
				124109492018674E0054CA47 /* Info.plist */,
			);
			path = Patrick_Animation;
			sourceTree = "<group>";
		};
		124109512018674E0054CA47 /* Patrick_AnimationTests */ = {
			isa = PBXGroup;
			children = (
				124109522018674E0054CA47 /* Patrick_AnimationTests.swift */,
				124109542018674E0054CA47 /* Info.plist */,
			);
			path = Patrick_AnimationTests;
			sourceTree = "<group>";
		};
		1241095C2018674E0054CA47 /* Patrick_AnimationUITests */ = {
			isa = PBXGroup;
			children = (
				1241095D2018674E0054CA47 /* Patrick_AnimationUITests.swift */,
				1241095F2018674E0054CA47 /* Info.plist */,
			);
			path = Patrick_AnimationUITests;
			sourceTree = "<group>";
		};
/* End PBXGroup section */

/* Begin PBXNativeTarget section */
		124109392018674E0054CA47 /* Patrick_Animation */ = {
			isa = PBXNativeTarget;
			buildConfigurationList = 124109622018674E0054CA47 /* Build configuration list for PBXNativeTarget "Patrick_Animation" */;
			buildPhases = (
				124109362018674E0054CA47 /* Sources */,
				124109372018674E0054CA47 /* Frameworks */,
				124109382018674E0054CA47 /* Resources */,
			);
			buildRules = (
			);
			dependencies = (
			);
			name = Patrick_Animation;
			productName = Patrick_Animation;
			productReference = 1241093A2018674E0054CA47 /* Patrick_Animation.app */;
			productType = "com.apple.product-type.application";
		};
		1241094D2018674E0054CA47 /* Patrick_AnimationTests */ = {
			isa = PBXNativeTarget;
			buildConfigurationList = 124109652018674E0054CA47 /* Build configuration list for PBXNativeTarget "Patrick_AnimationTests" */;
			buildPhases = (
				1241094A2018674E0054CA47 /* Sources */,
				1241094B2018674E0054CA47 /* Frameworks */,
				1241094C2018674E0054CA47 /* Resources */,
			);
			buildRules = (
			);
			dependencies = (
				124109502018674E0054CA47 /* PBXTargetDependency */,
			);
			name = Patrick_AnimationTests;
			productName = Patrick_AnimationTests;
			productReference = 1241094E2018674E0054CA47 /* Patrick_AnimationTests.xctest */;
			productType = "com.apple.product-type.bundle.unit-test";
		};
		124109582018674E0054CA47 /* Patrick_AnimationUITests */ = {
			isa = PBXNativeTarget;
			buildConfigurationList = 124109682018674E0054CA47 /* Build configuration list for PBXNativeTarget "Patrick_AnimationUITests" */;
			buildPhases = (
				124109552018674E0054CA47 /* Sources */,
				124109562018674E0054CA47 /* Frameworks */,
				124109572018674E0054CA47 /* Resources */,
			);
			buildRules = (
			);
			dependencies = (
				1241095B2018674E0054CA47 /* PBXTargetDependency */,
			);
			name = Patrick_AnimationUITests;
			productName = Patrick_AnimationUITests;
			productReference = 124109592018674E0054CA47 /* Patrick_AnimationUITests.xctest */;
			productType = "com.apple.product-type.bundle.ui-testing";
		};
/* End PBXNativeTarget section */

/* Begin PBXProject section */
		124109322018674E0054CA47 /* Project object */ = {
			isa = PBXProject;
			attributes = {
				LastSwiftUpdateCheck = 0920;
				LastUpgradeCheck = 0920;
				ORGANIZATIONNAME = com.Panamax.PushTestApp;
				TargetAttributes = {
					124109392018674E0054CA47 = {
						CreatedOnToolsVersion = 9.2;
						ProvisioningStyle = Automatic;
					};
					1241094D2018674E0054CA47 = {
						CreatedOnToolsVersion = 9.2;
						ProvisioningStyle = Automatic;
						TestTargetID = 124109392018674E0054CA47;
					};
					124109582018674E0054CA47 = {
						CreatedOnToolsVersion = 9.2;
						ProvisioningStyle = Automatic;
						TestTargetID = 124109392018674E0054CA47;
					};
				};
			};
			buildConfigurationList = 124109352018674E0054CA47 /* Build configuration list for PBXProject "Patrick_Animation" */;
			compatibilityVersion = "Xcode 8.0";
			developmentRegion = en;
			hasScannedForEncodings = 0;
			knownRegions = (
				en,
				Base,
			);
			mainGroup = 124109312018674E0054CA47;
			productRefGroup = 1241093B2018674E0054CA47 /* Products */;
			projectDirPath = "";
			projectRoot = "";
			targets = (
				124109392018674E0054CA47 /* Patrick_Animation */,
				1241094D2018674E0054CA47 /* Patrick_AnimationTests */,
				124109582018674E0054CA47 /* Patrick_AnimationUITests */,
			);
		};
/* End PBXProject section */

/* Begin PBXResourcesBuildPhase section */
		124109382018674E0054CA47 /* Resources */ = {
			isa = PBXResourcesBuildPhase;
			buildActionMask = 2147483647;
			files = (
				124109482018674E0054CA47 /* LaunchScreen.storyboard in Resources */,
				124109452018674E0054CA47 /* Assets.xcassets in Resources */,
				124109432018674E0054CA47 /* Main.storyboard in Resources */,
			);
			runOnlyForDeploymentPostprocessing = 0;
		};
		1241094C2018674E0054CA47 /* Resources */ = {
			isa = PBXResourcesBuildPhase;
			buildActionMask = 2147483647;
			files = (
			);
			runOnlyForDeploymentPostprocessing = 0;
		};
		124109572018674E0054CA47 /* Resources */ = {
			isa = PBXResourcesBuildPhase;
			buildActionMask = 2147483647;
			files = (
			);
			runOnlyForDeploymentPostprocessing = 0;
		};
/* End PBXResourcesBuildPhase section */

/* Begin PBXSourcesBuildPhase section */
		124109362018674E0054CA47 /* Sources */ = {
			isa = PBXSourcesBuildPhase;
			buildActionMask = 2147483647;
			files = (
				124109402018674E0054CA47 /* ViewController.swift in Sources */,
				1241093E2018674E0054CA47 /* AppDelegate.swift in Sources */,
			);
			runOnlyForDeploymentPostprocessing = 0;
		};
		1241094A2018674E0054CA47 /* Sources */ = {
			isa = PBXSourcesBuildPhase;
			buildActionMask = 2147483647;
			files = (
				124109532018674E0054CA47 /* Patrick_AnimationTests.swift in Sources */,
			);
			runOnlyForDeploymentPostprocessing = 0;
		};
		124109552018674E0054CA47 /* Sources */ = {
			isa = PBXSourcesBuildPhase;
			buildActionMask = 2147483647;
			files = (
				1241095E2018674E0054CA47 /* Patrick_AnimationUITests.swift in Sources */,
			);
			runOnlyForDeploymentPostprocessing = 0;
		};
/* End PBXSourcesBuildPhase section */

/* Begin PBXTargetDependency section */
		124109502018674E0054CA47 /* PBXTargetDependency */ = {
			isa = PBXTargetDependency;
			target = 124109392018674E0054CA47 /* Patrick_Animation */;
			targetProxy = 1241094F2018674E0054CA47 /* PBXContainerItemProxy */;
		};
		1241095B2018674E0054CA47 /* PBXTargetDependency */ = {
			isa = PBXTargetDependency;
			target = 124109392018674E0054CA47 /* Patrick_Animation */;
			targetProxy = 1241095A2018674E0054CA47 /* PBXContainerItemProxy */;
		};
/* End PBXTargetDependency section */

/* Begin PBXVariantGroup section */
		124109412018674E0054CA47 /* Main.storyboard */ = {
			isa = PBXVariantGroup;
			children = (
				124109422018674E0054CA47 /* Base */,
			);
			name = Main.storyboard;
			sourceTree = "<group>";
		};
		124109462018674E0054CA47 /* LaunchScreen.storyboard */ = {
			isa = PBXVariantGroup;
			children = (
				124109472018674E0054CA47 /* Base */,
			);
			name = LaunchScreen.storyboard;
			sourceTree = "<group>";
		};
/* End PBXVariantGroup section */

/* Begin XCBuildConfiguration section */
		124109602018674E0054CA47 /* Debug */ = {
			isa = XCBuildConfiguration;
			buildSettings = {
				ALWAYS_SEARCH_USER_PATHS = NO;
				CLANG_ANALYZER_NONNULL = YES;
				CLANG_ANALYZER_NUMBER_OBJECT_CONVERSION = YES_AGGRESSIVE;
				CLANG_CXX_LANGUAGE_STANDARD = "gnu++14";
				CLANG_CXX_LIBRARY = "libc++";
				CLANG_ENABLE_MODULES = YES;
				CLANG_ENABLE_OBJC_ARC = YES;
				CLANG_WARN_BLOCK_CAPTURE_AUTORELEASING = YES;
				CLANG_WARN_BOOL_CONVERSION = YES;
				CLANG_WARN_COMMA = YES;
				CLANG_WARN_CONSTANT_CONVERSION = YES;
				CLANG_WARN_DIRECT_OBJC_ISA_USAGE = YES_ERROR;
				CLANG_WARN_DOCUMENTATION_COMMENTS = YES;
				CLANG_WARN_EMPTY_BODY = YES;
				CLANG_WARN_ENUM_CONVERSION = YES;
				CLANG_WARN_INFINITE_RECURSION = YES;
				CLANG_WARN_INT_CONVERSION = YES;
				CLANG_WARN_NON_LITERAL_NULL_CONVERSION = YES;
				CLANG_WARN_OBJC_LITERAL_CONVERSION = YES;
				CLANG_WARN_OBJC_ROOT_CLASS = YES_ERROR;
				CLANG_WARN_RANGE_LOOP_ANALYSIS = YES;
				CLANG_WARN_STRICT_PROTOTYPES = YES;
				CLANG_WARN_SUSPICIOUS_MOVE = YES;
				CLANG_WARN_UNGUARDED_AVAILABILITY = YES_AGGRESSIVE;
				CLANG_WARN_UNREACHABLE_CODE = YES;
				CLANG_WARN__DUPLICATE_METHOD_MATCH = YES;
				CODE_SIGN_IDENTITY = "iPhone Developer";
				COPY_PHASE_STRIP = NO;
				DEBUG_INFORMATION_FORMAT = dwarf;
				ENABLE_STRICT_OBJC_MSGSEND = YES;
				ENABLE_TESTABILITY = YES;
				GCC_C_LANGUAGE_STANDARD = gnu11;
				GCC_DYNAMIC_NO_PIC = NO;
				GCC_NO_COMMON_BLOCKS = YES;
				GCC_OPTIMIZATION_LEVEL = 0;
				GCC_PREPROCESSOR_DEFINITIONS = (
					"DEBUG=1",
					"$(inherited)",
				);
				GCC_WARN_64_TO_32_BIT_CONVERSION = YES;
				GCC_WARN_ABOUT_RETURN_TYPE = YES_ERROR;
				GCC_WARN_UNDECLARED_SELECTOR = YES;
				GCC_WARN_UNINITIALIZED_AUTOS = YES_AGGRESSIVE;
				GCC_WARN_UNUSED_FUNCTION = YES;
				GCC_WARN_UNUSED_VARIABLE = YES;
				IPHONEOS_DEPLOYMENT_TARGET = 11.2;
				MTL_ENABLE_DEBUG_INFO = YES;
				ONLY_ACTIVE_ARCH = YES;
				SDKROOT = iphoneos;
				SWIFT_ACTIVE_COMPILATION_CONDITIONS = DEBUG;
				SWIFT_OPTIMIZATION_LEVEL = "-Onone";
			};
			name = Debug;
		};
		124109612018674E0054CA47 /* Release */ = {
			isa = XCBuildConfiguration;
			buildSettings = {
				ALWAYS_SEARCH_USER_PATHS = NO;
				CLANG_ANALYZER_NONNULL = YES;
				CLANG_ANALYZER_NUMBER_OBJECT_CONVERSION = YES_AGGRESSIVE;
				CLANG_CXX_LANGUAGE_STANDARD = "gnu++14";
				CLANG_CXX_LIBRARY = "libc++";
				CLANG_ENABLE_MODULES = YES;
				CLANG_ENABLE_OBJC_ARC = YES;
				CLANG_WARN_BLOCK_CAPTURE_AUTORELEASING = YES;
				CLANG_WARN_BOOL_CONVERSION = YES;
				CLANG_WARN_COMMA = YES;
				CLANG_WARN_CONSTANT_CONVERSION = YES;
				CLANG_WARN_DIRECT_OBJC_ISA_USAGE = YES_ERROR;
				CLANG_WARN_DOCUMENTATION_COMMENTS = YES;
				CLANG_WARN_EMPTY_BODY = YES;
				CLANG_WARN_ENUM_CONVERSION = YES;
				CLANG_WARN_INFINITE_RECURSION = YES;
				CLANG_WARN_INT_CONVERSION = YES;
				CLANG_WARN_NON_LITERAL_NULL_CONVERSION = YES;
				CLANG_WARN_OBJC_LITERAL_CONVERSION = YES;
				CLANG_WARN_OBJC_ROOT_CLASS = YES_ERROR;
				CLANG_WARN_RANGE_LOOP_ANALYSIS = YES;
				CLANG_WARN_STRICT_PROTOTYPES = YES;
				CLANG_WARN_SUSPICIOUS_MOVE = YES;
				CLANG_WARN_UNGUARDED_AVAILABILITY = YES_AGGRESSIVE;
				CLANG_WARN_UNREACHABLE_CODE = YES;
				CLANG_WARN__DUPLICATE_METHOD_MATCH = YES;
				CODE_SIGN_IDENTITY = "iPhone Developer";
				COPY_PHASE_STRIP = NO;
				DEBUG_INFORMATION_FORMAT = "dwarf-with-dsym";
				ENABLE_NS_ASSERTIONS = NO;
				ENABLE_STRICT_OBJC_MSGSEND = YES;
				GCC_C_LANGUAGE_STANDARD = gnu11;
				GCC_NO_COMMON_BLOCKS = YES;
				GCC_WARN_64_TO_32_BIT_CONVERSION = YES;
				GCC_WARN_ABOUT_RETURN_TYPE = YES_ERROR;
				GCC_WARN_UNDECLARED_SELECTOR = YES;
				GCC_WARN_UNINITIALIZED_AUTOS = YES_AGGRESSIVE;
				GCC_WARN_UNUSED_FUNCTION = YES;
				GCC_WARN_UNUSED_VARIABLE = YES;
				IPHONEOS_DEPLOYMENT_TARGET = 11.2;
				MTL_ENABLE_DEBUG_INFO = NO;
				SDKROOT = iphoneos;
				SWIFT_OPTIMIZATION_LEVEL = "-Owholemodule";
				VALIDATE_PRODUCT = YES;
			};
			name = Release;
		};
		124109632018674E0054CA47 /* Debug */ = {
			isa = XCBuildConfiguration;
			buildSettings = {
				ASSETCATALOG_COMPILER_APPICON_NAME = AppIcon;
				CODE_SIGN_STYLE = Automatic;
				INFOPLIST_FILE = Patrick_Animation/Info.plist;
				LD_RUNPATH_SEARCH_PATHS = "$(inherited) @executable_path/Frameworks";
				PRODUCT_BUNDLE_IDENTIFIER = "pratik.Patrick-Animation";
				PRODUCT_NAME = "$(TARGET_NAME)";
				SWIFT_VERSION = 4.0;
				TARGETED_DEVICE_FAMILY = "1,2";
			};
			name = Debug;
		};
		124109642018674E0054CA47 /* Release */ = {
			isa = XCBuildConfiguration;
			buildSettings = {
				ASSETCATALOG_COMPILER_APPICON_NAME = AppIcon;
				CODE_SIGN_STYLE = Automatic;
				INFOPLIST_FILE = Patrick_Animation/Info.plist;
				LD_RUNPATH_SEARCH_PATHS = "$(inherited) @executable_path/Frameworks";
				PRODUCT_BUNDLE_IDENTIFIER = "pratik.Patrick-Animation";
				PRODUCT_NAME = "$(TARGET_NAME)";
				SWIFT_VERSION = 4.0;
				TARGETED_DEVICE_FAMILY = "1,2";
			};
			name = Release;
		};
		124109662018674E0054CA47 /* Debug */ = {
			isa = XCBuildConfiguration;
			buildSettings = {
				ALWAYS_EMBED_SWIFT_STANDARD_LIBRARIES = YES;
				BUNDLE_LOADER = "$(TEST_HOST)";
				CODE_SIGN_STYLE = Automatic;
				INFOPLIST_FILE = Patrick_AnimationTests/Info.plist;
				LD_RUNPATH_SEARCH_PATHS = "$(inherited) @executable_path/Frameworks @loader_path/Frameworks";
				PRODUCT_BUNDLE_IDENTIFIER = "pratik.Patrick-AnimationTests";
				PRODUCT_NAME = "$(TARGET_NAME)";
				SWIFT_VERSION = 4.0;
				TARGETED_DEVICE_FAMILY = "1,2";
				TEST_HOST = "$(BUILT_PRODUCTS_DIR)/Patrick_Animation.app/Patrick_Animation";
			};
			name = Debug;
		};
		124109672018674E0054CA47 /* Release */ = {
			isa = XCBuildConfiguration;
			buildSettings = {
				ALWAYS_EMBED_SWIFT_STANDARD_LIBRARIES = YES;
				BUNDLE_LOADER = "$(TEST_HOST)";
				CODE_SIGN_STYLE = Automatic;
				INFOPLIST_FILE = Patrick_AnimationTests/Info.plist;
				LD_RUNPATH_SEARCH_PATHS = "$(inherited) @executable_path/Frameworks @loader_path/Frameworks";
				PRODUCT_BUNDLE_IDENTIFIER = "pratik.Patrick-AnimationTests";
				PRODUCT_NAME = "$(TARGET_NAME)";
				SWIFT_VERSION = 4.0;
				TARGETED_DEVICE_FAMILY = "1,2";
				TEST_HOST = "$(BUILT_PRODUCTS_DIR)/Patrick_Animation.app/Patrick_Animation";
			};
			name = Release;
		};
		124109692018674E0054CA47 /* Debug */ = {
			isa = XCBuildConfiguration;
			buildSettings = {
				ALWAYS_EMBED_SWIFT_STANDARD_LIBRARIES = YES;
				CODE_SIGN_STYLE = Automatic;
				INFOPLIST_FILE = Patrick_AnimationUITests/Info.plist;
				LD_RUNPATH_SEARCH_PATHS = "$(inherited) @executable_path/Frameworks @loader_path/Frameworks";
				PRODUCT_BUNDLE_IDENTIFIER = "pratik.Patrick-AnimationUITests";
				PRODUCT_NAME = "$(TARGET_NAME)";
				SWIFT_VERSION = 4.0;
				TARGETED_DEVICE_FAMILY = "1,2";
				TEST_TARGET_NAME = Patrick_Animation;
			};
			name = Debug;
		};
		1241096A2018674E0054CA47 /* Release */ = {
			isa = XCBuildConfiguration;
			buildSettings = {
				ALWAYS_EMBED_SWIFT_STANDARD_LIBRARIES = YES;
				CODE_SIGN_STYLE = Automatic;
				INFOPLIST_FILE = Patrick_AnimationUITests/Info.plist;
				LD_RUNPATH_SEARCH_PATHS = "$(inherited) @executable_path/Frameworks @loader_path/Frameworks";
				PRODUCT_BUNDLE_IDENTIFIER = "pratik.Patrick-AnimationUITests";
				PRODUCT_NAME = "$(TARGET_NAME)";
				SWIFT_VERSION = 4.0;
				TARGETED_DEVICE_FAMILY = "1,2";
				TEST_TARGET_NAME = Patrick_Animation;
			};
			name = Release;
		};
/* End XCBuildConfiguration section */

/* Begin XCConfigurationList section */
		124109352018674E0054CA47 /* Build configuration list for PBXProject "Patrick_Animation" */ = {
			isa = XCConfigurationList;
			buildConfigurations = (
				124109602018674E0054CA47 /* Debug */,
				124109612018674E0054CA47 /* Release */,
			);
			defaultConfigurationIsVisible = 0;
			defaultConfigurationName = Release;
		};
		124109622018674E0054CA47 /* Build configuration list for PBXNativeTarget "Patrick_Animation" */ = {
			isa = XCConfigurationList;
			buildConfigurations = (
				124109632018674E0054CA47 /* Debug */,
				124109642018674E0054CA47 /* Release */,
			);
			defaultConfigurationIsVisible = 0;
			defaultConfigurationName = Release;
		};
		124109652018674E0054CA47 /* Build configuration list for PBXNativeTarget "Patrick_AnimationTests" */ = {
			isa = XCConfigurationList;
			buildConfigurations = (
				124109662018674E0054CA47 /* Debug */,
				124109672018674E0054CA47 /* Release */,
			);
			defaultConfigurationIsVisible = 0;
			defaultConfigurationName = Release;
		};
		124109682018674E0054CA47 /* Build configuration list for PBXNativeTarget "Patrick_AnimationUITests" */ = {
			isa = XCConfigurationList;
			buildConfigurations = (
				124109692018674E0054CA47 /* Debug */,
				1241096A2018674E0054CA47 /* Release */,
			);
			defaultConfigurationIsVisible = 0;
			defaultConfigurationName = Release;
		};
/* End XCConfigurationList section */
	};
	rootObject = 124109322018674E0054CA47 /* Project object */;
}
